
Microsoft Visual Studio Solution File, Format Version 12.00
# Visual Studio Version 16
VisualStudioVersion = 16.0.28803.202
MinimumVisualStudioVersion = 10.0.40219.1
Project("{FAE04EC0-301F-11D3-BF4B-00C04F79EFBC}") = "PresentacionConsola", "PresentacionConsola\PresentacionConsola.csproj", "{C66F03E9-AAA5-4922-881E-AEF7502B4D45}"
EndProject
Project("{FAE04EC0-301F-11D3-BF4B-00C04F79EFBC}") = "Logica", "Logica\Logica.csproj", "{8C792CD2-5B54-49A0-9EE8-9F72C5C4CF3C}"
EndProject
Project("{FAE04EC0-301F-11D3-BF4B-00C04F79EFBC}") = "Entidades", "Entidades\Entidades.csproj", "{83E93B92-3CFA-4E2F-BE95-5B2E185780EB}"
EndProject
Project("{FAE04EC0-301F-11D3-BF4B-00C04F79EFBC}") = "Datos", "Datos\Datos.csproj", "{4FD974D4-7580-4A71-BAF0-C06ADCEB57B1}"
EndProject
Project("{FAE04EC0-301F-11D3-BF4B-00C04F79EFBC}") = "PresentacionProfesores", "PresentacionProfesores\PresentacionProfesores.csproj", "{A34CB932-E5BE-4CA6-B3E4-BF25C2931A9F}"
EndProject
Global
	GlobalSection(SolutionConfigurationPlatforms) = preSolution
		Debug|Any CPU = Debug|Any CPU
		Release|Any CPU = Release|Any CPU
	EndGlobalSection
	GlobalSection(ProjectConfigurationPlatforms) = postSolution
		{C66F03E9-AAA5-4922-881E-AEF7502B4D45}.Debug|Any CPU.ActiveCfg = Debug|Any CPU
		{C66F03E9-AAA5-4922-881E-AEF7502B4D45}.Debug|Any CPU.Build.0 = Debug|Any CPU
		{C66F03E9-AAA5-4922-881E-AEF7502B4D45}.Release|Any CPU.ActiveCfg = Release|Any CPU
		{C66F03E9-AAA5-4922-881E-AEF7502B4D45}.Release|Any CPU.Build.0 = Release|Any CPU
		{8C792CD2-5B54-49A0-9EE8-9F72C5C4CF3C}.Debug|Any CPU.ActiveCfg = Debug|Any CPU
		{8C792CD2-5B54-49A0-9EE8-9F72C5C4CF3C}.Debug|Any CPU.Build.0 = Debug|Any CPU
		{8C792CD2-5B54-49A0-9EE8-9F72C5C4CF3C}.Release|Any CPU.ActiveCfg = Release|Any CPU
		{8C792CD2-5B54-49A0-9EE8-9F72C5C4CF3C}.Release|Any CPU.Build.0 = Release|Any CPU
		{83E93B92-3CFA-4E2F-BE95-5B2E185780EB}.Debug|Any CPU.ActiveCfg = Debug|Any CPU
		{83E93B92-3CFA-4E2F-BE95-5B2E185780EB}.Debug|Any CPU.Build.0 = Debug|Any CPU
		{83E93B92-3CFA-4E2F-BE95-5B2E185780EB}.Release|Any CPU.ActiveCfg = Release|Any CPU
		{83E93B92-3CFA-4E2F-BE95-5B2E185780EB}.Release|Any CPU.Build.0 = Release|Any CPU
		{4FD974D4-7580-4A71-BAF0-C06ADCEB57B1}.Debug|Any CPU.ActiveCfg = Debug|Any CPU
		{4FD974D4-7580-4A71-BAF0-C06ADCEB57B1}.Debug|Any CPU.Build.0 = Debug|Any CPU
		{4FD974D4-7580-4A71-BAF0-C06ADCEB57B1}.Release|Any CPU.ActiveCfg = Release|Any CPU
		{4FD974D4-7580-4A71-BAF0-C06ADCEB57B1}.Release|Any CPU.Build.0 = Release|Any CPU
		{A34CB932-E5BE-4CA6-B3E4-BF25C2931A9F}.Debug|Any CPU.ActiveCfg = Debug|Any CPU
		{A34CB932-E5BE-4CA6-B3E4-BF25C2931A9F}.Debug|Any CPU.Build.0 = Debug|Any CPU
		{A34CB932-E5BE-4CA6-B3E4-BF25C2931A9F}.Release|Any CPU.ActiveCfg = Release|Any CPU
		{A34CB932-E5BE-4CA6-B3E4-BF25C2931A9F}.Release|Any CPU.Build.0 = Release|Any CPU
	EndGlobalSection
	GlobalSection(SolutionProperties) = preSolution
		HideSolutionNode = FALSE
	EndGlobalSection
	GlobalSection(ExtensibilityGlobals) = postSolution
		SolutionGuid = {8C0C3E80-B2E5-43DB-9500-659026867A57}
	EndGlobalSection
EndGlobal
